// !$*UTF8*$!
{
	archiveVersion = 1;
	classes = {
	};
	objectVersion = 56;
	objects = {

/* Begin PBXBuildFile section */
		F788350029DA0A53003AF753 /* CollectionViewTableViewCell.swift in Sources */ = {isa = PBXBuildFile; fileRef = F78834FF29DA0A53003AF753 /* CollectionViewTableViewCell.swift */; };
		F79E30EA29D7BDE60069FA84 /* AppDelegate.swift in Sources */ = {isa = PBXBuildFile; fileRef = F79E30E929D7BDE60069FA84 /* AppDelegate.swift */; };
		F79E30EC29D7BDE60069FA84 /* SceneDelegate.swift in Sources */ = {isa = PBXBuildFile; fileRef = F79E30EB29D7BDE60069FA84 /* SceneDelegate.swift */; };
		F79E30EE29D7BDE60069FA84 /* MainTabBarViewController.swift in Sources */ = {isa = PBXBuildFile; fileRef = F79E30ED29D7BDE60069FA84 /* MainTabBarViewController.swift */; };
		F79E30F329D7BDE80069FA84 /* Assets.xcassets in Resources */ = {isa = PBXBuildFile; fileRef = F79E30F229D7BDE80069FA84 /* Assets.xcassets */; };
		F79E30F629D7BDE80069FA84 /* LaunchScreen.storyboard in Resources */ = {isa = PBXBuildFile; fileRef = F79E30F429D7BDE80069FA84 /* LaunchScreen.storyboard */; };
		F79E310129D7BDE80069FA84 /* Netflix_CloneTests.swift in Sources */ = {isa = PBXBuildFile; fileRef = F79E310029D7BDE80069FA84 /* Netflix_CloneTests.swift */; };
		F79E310B29D7BDE80069FA84 /* Netflix_CloneUITests.swift in Sources */ = {isa = PBXBuildFile; fileRef = F79E310A29D7BDE80069FA84 /* Netflix_CloneUITests.swift */; };
		F79E310D29D7BDE80069FA84 /* Netflix_CloneUITestsLaunchTests.swift in Sources */ = {isa = PBXBuildFile; fileRef = F79E310C29D7BDE80069FA84 /* Netflix_CloneUITestsLaunchTests.swift */; };
		F79E311B29D7C27F0069FA84 /* HomeViewController.swift in Sources */ = {isa = PBXBuildFile; fileRef = F79E311A29D7C27F0069FA84 /* HomeViewController.swift */; };
		F79E311D29D7C2FD0069FA84 /* UpcomingViewController.swift in Sources */ = {isa = PBXBuildFile; fileRef = F79E311C29D7C2FD0069FA84 /* UpcomingViewController.swift */; };
		F79E311F29D7C3550069FA84 /* SearchViewController.swift in Sources */ = {isa = PBXBuildFile; fileRef = F79E311E29D7C3550069FA84 /* SearchViewController.swift */; };
		F79E312129D7C3B60069FA84 /* DownloadsViewController.swift in Sources */ = {isa = PBXBuildFile; fileRef = F79E312029D7C3B60069FA84 /* DownloadsViewController.swift */; };
/* End PBXBuildFile section */

/* Begin PBXContainerItemProxy section */
		F79E30FD29D7BDE80069FA84 /* PBXContainerItemProxy */ = {
			isa = PBXContainerItemProxy;
			containerPortal = F79E30DE29D7BDE60069FA84 /* Project object */;
			proxyType = 1;
			remoteGlobalIDString = F79E30E529D7BDE60069FA84;
			remoteInfo = "Netflix Clone";
		};
		F79E310729D7BDE80069FA84 /* PBXContainerItemProxy */ = {
			isa = PBXContainerItemProxy;
			containerPortal = F79E30DE29D7BDE60069FA84 /* Project object */;
			proxyType = 1;
			remoteGlobalIDString = F79E30E529D7BDE60069FA84;
			remoteInfo = "Netflix Clone";
		};
/* End PBXContainerItemProxy section */

/* Begin PBXFileReference section */
		F78834FF29DA0A53003AF753 /* CollectionViewTableViewCell.swift */ = {isa = PBXFileReference; lastKnownFileType = sourcecode.swift; path = CollectionViewTableViewCell.swift; sourceTree = "<group>"; };
		F79E30E629D7BDE60069FA84 /* Netflix Clone.app */ = {isa = PBXFileReference; explicitFileType = wrapper.application; includeInIndex = 0; path = "Netflix Clone.app"; sourceTree = BUILT_PRODUCTS_DIR; };
		F79E30E929D7BDE60069FA84 /* AppDelegate.swift */ = {isa = PBXFileReference; lastKnownFileType = sourcecode.swift; path = AppDelegate.swift; sourceTree = "<group>"; };
		F79E30EB29D7BDE60069FA84 /* SceneDelegate.swift */ = {isa = PBXFileReference; lastKnownFileType = sourcecode.swift; path = SceneDelegate.swift; sourceTree = "<group>"; };
		F79E30ED29D7BDE60069FA84 /* MainTabBarViewController.swift */ = {isa = PBXFileReference; lastKnownFileType = sourcecode.swift; path = MainTabBarViewController.swift; sourceTree = "<group>"; };
		F79E30F229D7BDE80069FA84 /* Assets.xcassets */ = {isa = PBXFileReference; lastKnownFileType = folder.assetcatalog; path = Assets.xcassets; sourceTree = "<group>"; };
		F79E30F529D7BDE80069FA84 /* Base */ = {isa = PBXFileReference; lastKnownFileType = file.storyboard; name = Base; path = Base.lproj/LaunchScreen.storyboard; sourceTree = "<group>"; };
		F79E30F729D7BDE80069FA84 /* Info.plist */ = {isa = PBXFileReference; lastKnownFileType = text.plist.xml; path = Info.plist; sourceTree = "<group>"; };
		F79E30FC29D7BDE80069FA84 /* Netflix CloneTests.xctest */ = {isa = PBXFileReference; explicitFileType = wrapper.cfbundle; includeInIndex = 0; path = "Netflix CloneTests.xctest"; sourceTree = BUILT_PRODUCTS_DIR; };
		F79E310029D7BDE80069FA84 /* Netflix_CloneTests.swift */ = {isa = PBXFileReference; lastKnownFileType = sourcecode.swift; path = Netflix_CloneTests.swift; sourceTree = "<group>"; };
		F79E310629D7BDE80069FA84 /* Netflix CloneUITests.xctest */ = {isa = PBXFileReference; explicitFileType = wrapper.cfbundle; includeInIndex = 0; path = "Netflix CloneUITests.xctest"; sourceTree = BUILT_PRODUCTS_DIR; };
		F79E310A29D7BDE80069FA84 /* Netflix_CloneUITests.swift */ = {isa = PBXFileReference; lastKnownFileType = sourcecode.swift; path = Netflix_CloneUITests.swift; sourceTree = "<group>"; };
		F79E310C29D7BDE80069FA84 /* Netflix_CloneUITestsLaunchTests.swift */ = {isa = PBXFileReference; lastKnownFileType = sourcecode.swift; path = Netflix_CloneUITestsLaunchTests.swift; sourceTree = "<group>"; };
		F79E311A29D7C27F0069FA84 /* HomeViewController.swift */ = {isa = PBXFileReference; lastKnownFileType = sourcecode.swift; path = HomeViewController.swift; sourceTree = "<group>"; };
		F79E311C29D7C2FD0069FA84 /* UpcomingViewController.swift */ = {isa = PBXFileReference; lastKnownFileType = sourcecode.swift; path = UpcomingViewController.swift; sourceTree = "<group>"; };
		F79E311E29D7C3550069FA84 /* SearchViewController.swift */ = {isa = PBXFileReference; lastKnownFileType = sourcecode.swift; path = SearchViewController.swift; sourceTree = "<group>"; };
		F79E312029D7C3B60069FA84 /* DownloadsViewController.swift */ = {isa = PBXFileReference; lastKnownFileType = sourcecode.swift; path = DownloadsViewController.swift; sourceTree = "<group>"; };
/* End PBXFileReference section */

/* Begin PBXFrameworksBuildPhase section */
		F79E30E329D7BDE60069FA84 /* Frameworks */ = {
			isa = PBXFrameworksBuildPhase;
			buildActionMask = 2147483647;
			files = (
			);
			runOnlyForDeploymentPostprocessing = 0;
		};
		F79E30F929D7BDE80069FA84 /* Frameworks */ = {
			isa = PBXFrameworksBuildPhase;
			buildActionMask = 2147483647;
			files = (
			);
			runOnlyForDeploymentPostprocessing = 0;
		};
		F79E310329D7BDE80069FA84 /* Frameworks */ = {
			isa = PBXFrameworksBuildPhase;
			buildActionMask = 2147483647;
			files = (
			);
			runOnlyForDeploymentPostprocessing = 0;
		};
/* End PBXFrameworksBuildPhase section */

/* Begin PBXGroup section */
		F78834F929DA095A003AF753 /* Views */ = {
			isa = PBXGroup;
			children = (
				F78834FF29DA0A53003AF753 /* CollectionViewTableViewCell.swift */,
			);
			path = Views;
			sourceTree = "<group>";
		};
		F78834FB29DA0972003AF753 /* Models */ = {
			isa = PBXGroup;
			children = (
			);
			path = Models;
			sourceTree = "<group>";
		};
		F78834FC29DA0999003AF753 /* ViewModels */ = {
			isa = PBXGroup;
			children = (
			);
			path = ViewModels;
			sourceTree = "<group>";
		};
		F78834FD29DA09D1003AF753 /* Resources */ = {
			isa = PBXGroup;
			children = (
			);
			path = Resources;
			sourceTree = "<group>";
		};
		F78834FE29DA09E7003AF753 /* Managers */ = {
			isa = PBXGroup;
			children = (
			);
			path = Managers;
			sourceTree = "<group>";
		};
		F79E30DD29D7BDE60069FA84 = {
			isa = PBXGroup;
			children = (
				F79E30E829D7BDE60069FA84 /* Netflix Clone */,
				F79E30FF29D7BDE80069FA84 /* Netflix CloneTests */,
				F79E310929D7BDE80069FA84 /* Netflix CloneUITests */,
				F79E30E729D7BDE60069FA84 /* Products */,
			);
			sourceTree = "<group>";
		};
		F79E30E729D7BDE60069FA84 /* Products */ = {
			isa = PBXGroup;
			children = (
				F79E30E629D7BDE60069FA84 /* Netflix Clone.app */,
				F79E30FC29D7BDE80069FA84 /* Netflix CloneTests.xctest */,
				F79E310629D7BDE80069FA84 /* Netflix CloneUITests.xctest */,
			);
			name = Products;
			sourceTree = "<group>";
		};
		F79E30E829D7BDE60069FA84 /* Netflix Clone */ = {
			isa = PBXGroup;
			children = (
				F78834FE29DA09E7003AF753 /* Managers */,
				F78834FD29DA09D1003AF753 /* Resources */,
				F78834FB29DA0972003AF753 /* Models */,
				F78834F929DA095A003AF753 /* Views */,
				F78834FC29DA0999003AF753 /* ViewModels */,
				F79E311929D7C1FB0069FA84 /* Controllers */,
				F79E30E929D7BDE60069FA84 /* AppDelegate.swift */,
				F79E30EB29D7BDE60069FA84 /* SceneDelegate.swift */,
				F79E30ED29D7BDE60069FA84 /* MainTabBarViewController.swift */,
				F79E30F229D7BDE80069FA84 /* Assets.xcassets */,
				F79E30F429D7BDE80069FA84 /* LaunchScreen.storyboard */,
				F79E30F729D7BDE80069FA84 /* Info.plist */,
			);
			path = "Netflix Clone";
			sourceTree = "<group>";
		};
		F79E30FF29D7BDE80069FA84 /* Netflix CloneTests */ = {
			isa = PBXGroup;
			children = (
				F79E310029D7BDE80069FA84 /* Netflix_CloneTests.swift */,
			);
			path = "Netflix CloneTests";
			sourceTree = "<group>";
		};
		F79E310929D7BDE80069FA84 /* Netflix CloneUITests */ = {
			isa = PBXGroup;
			children = (
				F79E310A29D7BDE80069FA84 /* Netflix_CloneUITests.swift */,
				F79E310C29D7BDE80069FA84 /* Netflix_CloneUITestsLaunchTests.swift */,
			);
			path = "Netflix CloneUITests";
			sourceTree = "<group>";
		};
		F79E311929D7C1FB0069FA84 /* Controllers */ = {
			isa = PBXGroup;
			children = (
				F79E311A29D7C27F0069FA84 /* HomeViewController.swift */,
				F79E311C29D7C2FD0069FA84 /* UpcomingViewController.swift */,
				F79E311E29D7C3550069FA84 /* SearchViewController.swift */,
				F79E312029D7C3B60069FA84 /* DownloadsViewController.swift */,
			);
			path = Controllers;
			sourceTree = "<group>";
		};
/* End PBXGroup section */

/* Begin PBXNativeTarget section */
		F79E30E529D7BDE60069FA84 /* Netflix Clone */ = {
			isa = PBXNativeTarget;
			buildConfigurationList = F79E311029D7BDE80069FA84 /* Build configuration list for PBXNativeTarget "Netflix Clone" */;
			buildPhases = (
				F79E30E229D7BDE60069FA84 /* Sources */,
				F79E30E329D7BDE60069FA84 /* Frameworks */,
				F79E30E429D7BDE60069FA84 /* Resources */,
			);
			buildRules = (
			);
			dependencies = (
			);
			name = "Netflix Clone";
			productName = "Netflix Clone";
			productReference = F79E30E629D7BDE60069FA84 /* Netflix Clone.app */;
			productType = "com.apple.product-type.application";
		};
		F79E30FB29D7BDE80069FA84 /* Netflix CloneTests */ = {
			isa = PBXNativeTarget;
			buildConfigurationList = F79E311329D7BDE80069FA84 /* Build configuration list for PBXNativeTarget "Netflix CloneTests" */;
			buildPhases = (
				F79E30F829D7BDE80069FA84 /* Sources */,
				F79E30F929D7BDE80069FA84 /* Frameworks */,
				F79E30FA29D7BDE80069FA84 /* Resources */,
			);
			buildRules = (
			);
			dependencies = (
				F79E30FE29D7BDE80069FA84 /* PBXTargetDependency */,
			);
			name = "Netflix CloneTests";
			productName = "Netflix CloneTests";
			productReference = F79E30FC29D7BDE80069FA84 /* Netflix CloneTests.xctest */;
			productType = "com.apple.product-type.bundle.unit-test";
		};
		F79E310529D7BDE80069FA84 /* Netflix CloneUITests */ = {
			isa = PBXNativeTarget;
			buildConfigurationList = F79E311629D7BDE80069FA84 /* Build configuration list for PBXNativeTarget "Netflix CloneUITests" */;
			buildPhases = (
				F79E310229D7BDE80069FA84 /* Sources */,
				F79E310329D7BDE80069FA84 /* Frameworks */,
				F79E310429D7BDE80069FA84 /* Resources */,
			);
			buildRules = (
			);
			dependencies = (
				F79E310829D7BDE80069FA84 /* PBXTargetDependency */,
			);
			name = "Netflix CloneUITests";
			productName = "Netflix CloneUITests";
			productReference = F79E310629D7BDE80069FA84 /* Netflix CloneUITests.xctest */;
			productType = "com.apple.product-type.bundle.ui-testing";
		};
/* End PBXNativeTarget section */

/* Begin PBXProject section */
		F79E30DE29D7BDE60069FA84 /* Project object */ = {
			isa = PBXProject;
			attributes = {
				BuildIndependentTargetsInParallel = 1;
				LastSwiftUpdateCheck = 1420;
				LastUpgradeCheck = 1420;
				TargetAttributes = {
					F79E30E529D7BDE60069FA84 = {
						CreatedOnToolsVersion = 14.2;
					};
					F79E30FB29D7BDE80069FA84 = {
						CreatedOnToolsVersion = 14.2;
						TestTargetID = F79E30E529D7BDE60069FA84;
					};
					F79E310529D7BDE80069FA84 = {
						CreatedOnToolsVersion = 14.2;
						TestTargetID = F79E30E529D7BDE60069FA84;
					};
				};
			};
			buildConfigurationList = F79E30E129D7BDE60069FA84 /* Build configuration list for PBXProject "Netflix Clone" */;
			compatibilityVersion = "Xcode 14.0";
			developmentRegion = en;
			hasScannedForEncodings = 0;
			knownRegions = (
				en,
				Base,
			);
			mainGroup = F79E30DD29D7BDE60069FA84;
			productRefGroup = F79E30E729D7BDE60069FA84 /* Products */;
			projectDirPath = "";
			projectRoot = "";
			targets = (
				F79E30E529D7BDE60069FA84 /* Netflix Clone */,
				F79E30FB29D7BDE80069FA84 /* Netflix CloneTests */,
				F79E310529D7BDE80069FA84 /* Netflix CloneUITests */,
			);
		};
/* End PBXProject section */

/* Begin PBXResourcesBuildPhase section */
		F79E30E429D7BDE60069FA84 /* Resources */ = {
			isa = PBXResourcesBuildPhase;
			buildActionMask = 2147483647;
			files = (
				F79E30F629D7BDE80069FA84 /* LaunchScreen.storyboard in Resources */,
				F79E30F329D7BDE80069FA84 /* Assets.xcassets in Resources */,
			);
			runOnlyForDeploymentPostprocessing = 0;
		};
		F79E30FA29D7BDE80069FA84 /* Resources */ = {
			isa = PBXResourcesBuildPhase;
			buildActionMask = 2147483647;
			files = (
			);
			runOnlyForDeploymentPostprocessing = 0;
		};
		F79E310429D7BDE80069FA84 /* Resources */ = {
			isa = PBXResourcesBuildPhase;
			buildActionMask = 2147483647;
			files = (
			);
			runOnlyForDeploymentPostprocessing = 0;
		};
/* End PBXResourcesBuildPhase section */

/* Begin PBXSourcesBuildPhase section */
		F79E30E229D7BDE60069FA84 /* Sources */ = {
			isa = PBXSourcesBuildPhase;
			buildActionMask = 2147483647;
			files = (
				F79E311F29D7C3550069FA84 /* SearchViewController.swift in Sources */,
				F79E30EE29D7BDE60069FA84 /* MainTabBarViewController.swift in Sources */,
				F788350029DA0A53003AF753 /* CollectionViewTableViewCell.swift in Sources */,
				F79E312129D7C3B60069FA84 /* DownloadsViewController.swift in Sources */,
				F79E30EA29D7BDE60069FA84 /* AppDelegate.swift in Sources */,
				F79E30EC29D7BDE60069FA84 /* SceneDelegate.swift in Sources */,
				F79E311D29D7C2FD0069FA84 /* UpcomingViewController.swift in Sources */,
				F79E311B29D7C27F0069FA84 /* HomeViewController.swift in Sources */,
			);
			runOnlyForDeploymentPostprocessing = 0;
		};
		F79E30F829D7BDE80069FA84 /* Sources */ = {
			isa = PBXSourcesBuildPhase;
			buildActionMask = 2147483647;
			files = (
				F79E310129D7BDE80069FA84 /* Netflix_CloneTests.swift in Sources */,
			);
			runOnlyForDeploymentPostprocessing = 0;
		};
		F79E310229D7BDE80069FA84 /* Sources */ = {
			isa = PBXSourcesBuildPhase;
			buildActionMask = 2147483647;
			files = (
				F79E310B29D7BDE80069FA84 /* Netflix_CloneUITests.swift in Sources */,
				F79E310D29D7BDE80069FA84 /* Netflix_CloneUITestsLaunchTests.swift in Sources */,
			);
			runOnlyForDeploymentPostprocessing = 0;
		};
/* End PBXSourcesBuildPhase section */

/* Begin PBXTargetDependency section */
		F79E30FE29D7BDE80069FA84 /* PBXTargetDependency */ = {
			isa = PBXTargetDependency;
			target = F79E30E529D7BDE60069FA84 /* Netflix Clone */;
			targetProxy = F79E30FD29D7BDE80069FA84 /* PBXContainerItemProxy */;
		};
		F79E310829D7BDE80069FA84 /* PBXTargetDependency */ = {
			isa = PBXTargetDependency;
			target = F79E30E529D7BDE60069FA84 /* Netflix Clone */;
			targetProxy = F79E310729D7BDE80069FA84 /* PBXContainerItemProxy */;
		};
/* End PBXTargetDependency section */

/* Begin PBXVariantGroup section */
		F79E30F429D7BDE80069FA84 /* LaunchScreen.storyboard */ = {
			isa = PBXVariantGroup;
			children = (
				F79E30F529D7BDE80069FA84 /* Base */,
			);
			name = LaunchScreen.storyboard;
			sourceTree = "<group>";
		};
/* End PBXVariantGroup section */

/* Begin XCBuildConfiguration section */
		F79E310E29D7BDE80069FA84 /* Debug */ = {
			isa = XCBuildConfiguration;
			buildSettings = {
				ALWAYS_SEARCH_USER_PATHS = NO;
				CLANG_ANALYZER_NONNULL = YES;
				CLANG_ANALYZER_NUMBER_OBJECT_CONVERSION = YES_AGGRESSIVE;
				CLANG_CXX_LANGUAGE_STANDARD = "gnu++20";
				CLANG_ENABLE_MODULES = YES;
				CLANG_ENABLE_OBJC_ARC = YES;
				CLANG_ENABLE_OBJC_WEAK = YES;
				CLANG_WARN_BLOCK_CAPTURE_AUTORELEASING = YES;
				CLANG_WARN_BOOL_CONVERSION = YES;
				CLANG_WARN_COMMA = YES;
				CLANG_WARN_CONSTANT_CONVERSION = YES;
				CLANG_WARN_DEPRECATED_OBJC_IMPLEMENTATIONS = YES;
				CLANG_WARN_DIRECT_OBJC_ISA_USAGE = YES_ERROR;
				CLANG_WARN_DOCUMENTATION_COMMENTS = YES;
				CLANG_WARN_EMPTY_BODY = YES;
				CLANG_WARN_ENUM_CONVERSION = YES;
				CLANG_WARN_INFINITE_RECURSION = YES;
				CLANG_WARN_INT_CONVERSION = YES;
				CLANG_WARN_NON_LITERAL_NULL_CONVERSION = YES;
				CLANG_WARN_OBJC_IMPLICIT_RETAIN_SELF = YES;
				CLANG_WARN_OBJC_LITERAL_CONVERSION = YES;
				CLANG_WARN_OBJC_ROOT_CLASS = YES_ERROR;
				CLANG_WARN_QUOTED_INCLUDE_IN_FRAMEWORK_HEADER = YES;
				CLANG_WARN_RANGE_LOOP_ANALYSIS = YES;
				CLANG_WARN_STRICT_PROTOTYPES = YES;
				CLANG_WARN_SUSPICIOUS_MOVE = YES;
				CLANG_WARN_UNGUARDED_AVAILABILITY = YES_AGGRESSIVE;
				CLANG_WARN_UNREACHABLE_CODE = YES;
				CLANG_WARN__DUPLICATE_METHOD_MATCH = YES;
				COPY_PHASE_STRIP = NO;
				DEBUG_INFORMATION_FORMAT = dwarf;
				ENABLE_STRICT_OBJC_MSGSEND = YES;
				ENABLE_TESTABILITY = YES;
				GCC_C_LANGUAGE_STANDARD = gnu11;
				GCC_DYNAMIC_NO_PIC = NO;
				GCC_NO_COMMON_BLOCKS = YES;
				GCC_OPTIMIZATION_LEVEL = 0;
				GCC_PREPROCESSOR_DEFINITIONS = (
					"DEBUG=1",
					"$(inherited)",
				);
				GCC_WARN_64_TO_32_BIT_CONVERSION = YES;
				GCC_WARN_ABOUT_RETURN_TYPE = YES_ERROR;
				GCC_WARN_UNDECLARED_SELECTOR = YES;
				GCC_WARN_UNINITIALIZED_AUTOS = YES_AGGRESSIVE;
				GCC_WARN_UNUSED_FUNCTION = YES;
				GCC_WARN_UNUSED_VARIABLE = YES;
				IPHONEOS_DEPLOYMENT_TARGET = 16.2;
				MTL_ENABLE_DEBUG_INFO = INCLUDE_SOURCE;
				MTL_FAST_MATH = YES;
				ONLY_ACTIVE_ARCH = YES;
				SDKROOT = iphoneos;
				SWIFT_ACTIVE_COMPILATION_CONDITIONS = DEBUG;
				SWIFT_OPTIMIZATION_LEVEL = "-Onone";
			};
			name = Debug;
		};
		F79E310F29D7BDE80069FA84 /* Release */ = {
			isa = XCBuildConfiguration;
			buildSettings = {
				ALWAYS_SEARCH_USER_PATHS = NO;
				CLANG_ANALYZER_NONNULL = YES;
				CLANG_ANALYZER_NUMBER_OBJECT_CONVERSION = YES_AGGRESSIVE;
				CLANG_CXX_LANGUAGE_STANDARD = "gnu++20";
				CLANG_ENABLE_MODULES = YES;
				CLANG_ENABLE_OBJC_ARC = YES;
				CLANG_ENABLE_OBJC_WEAK = YES;
				CLANG_WARN_BLOCK_CAPTURE_AUTORELEASING = YES;
				CLANG_WARN_BOOL_CONVERSION = YES;
				CLANG_WARN_COMMA = YES;
				CLANG_WARN_CONSTANT_CONVERSION = YES;
				CLANG_WARN_DEPRECATED_OBJC_IMPLEMENTATIONS = YES;
				CLANG_WARN_DIRECT_OBJC_ISA_USAGE = YES_ERROR;
				CLANG_WARN_DOCUMENTATION_COMMENTS = YES;
				CLANG_WARN_EMPTY_BODY = YES;
				CLANG_WARN_ENUM_CONVERSION = YES;
				CLANG_WARN_INFINITE_RECURSION = YES;
				CLANG_WARN_INT_CONVERSION = YES;
				CLANG_WARN_NON_LITERAL_NULL_CONVERSION = YES;
				CLANG_WARN_OBJC_IMPLICIT_RETAIN_SELF = YES;
				CLANG_WARN_OBJC_LITERAL_CONVERSION = YES;
				CLANG_WARN_OBJC_ROOT_CLASS = YES_ERROR;
				CLANG_WARN_QUOTED_INCLUDE_IN_FRAMEWORK_HEADER = YES;
				CLANG_WARN_RANGE_LOOP_ANALYSIS = YES;
				CLANG_WARN_STRICT_PROTOTYPES = YES;
				CLANG_WARN_SUSPICIOUS_MOVE = YES;
				CLANG_WARN_UNGUARDED_AVAILABILITY = YES_AGGRESSIVE;
				CLANG_WARN_UNREACHABLE_CODE = YES;
				CLANG_WARN__DUPLICATE_METHOD_MATCH = YES;
				COPY_PHASE_STRIP = NO;
				DEBUG_INFORMATION_FORMAT = "dwarf-with-dsym";
				ENABLE_NS_ASSERTIONS = NO;
				ENABLE_STRICT_OBJC_MSGSEND = YES;
				GCC_C_LANGUAGE_STANDARD = gnu11;
				GCC_NO_COMMON_BLOCKS = YES;
				GCC_WARN_64_TO_32_BIT_CONVERSION = YES;
				GCC_WARN_ABOUT_RETURN_TYPE = YES_ERROR;
				GCC_WARN_UNDECLARED_SELECTOR = YES;
				GCC_WARN_UNINITIALIZED_AUTOS = YES_AGGRESSIVE;
				GCC_WARN_UNUSED_FUNCTION = YES;
				GCC_WARN_UNUSED_VARIABLE = YES;
				IPHONEOS_DEPLOYMENT_TARGET = 16.2;
				MTL_ENABLE_DEBUG_INFO = NO;
				MTL_FAST_MATH = YES;
				SDKROOT = iphoneos;
				SWIFT_COMPILATION_MODE = wholemodule;
				SWIFT_OPTIMIZATION_LEVEL = "-O";
				VALIDATE_PRODUCT = YES;
			};
			name = Release;
		};
		F79E311129D7BDE80069FA84 /* Debug */ = {
			isa = XCBuildConfiguration;
			buildSettings = {
				ASSETCATALOG_COMPILER_APPICON_NAME = AppIcon;
				ASSETCATALOG_COMPILER_GLOBAL_ACCENT_COLOR_NAME = AccentColor;
				CODE_SIGN_STYLE = Automatic;
				CURRENT_PROJECT_VERSION = 1;
				DEVELOPMENT_TEAM = 39A4HZSU92;
				GENERATE_INFOPLIST_FILE = YES;
				INFOPLIST_FILE = "Netflix Clone/Info.plist";
				INFOPLIST_KEY_UIApplicationSupportsIndirectInputEvents = YES;
				INFOPLIST_KEY_UILaunchStoryboardName = LaunchScreen;
				INFOPLIST_KEY_UISupportedInterfaceOrientations_iPad = "UIInterfaceOrientationPortrait UIInterfaceOrientationPortraitUpsideDown UIInterfaceOrientationLandscapeLeft UIInterfaceOrientationLandscapeRight";
				INFOPLIST_KEY_UISupportedInterfaceOrientations_iPhone = "UIInterfaceOrientationPortrait UIInterfaceOrientationLandscapeLeft UIInterfaceOrientationLandscapeRight";
				LD_RUNPATH_SEARCH_PATHS = (
					"$(inherited)",
					"@executable_path/Frameworks",
				);
				MARKETING_VERSION = 1.0;
				PRODUCT_BUNDLE_IDENTIFIER = "com.tssilva.Netflix-Clone";
				PRODUCT_NAME = "$(TARGET_NAME)";
				SWIFT_EMIT_LOC_STRINGS = YES;
				SWIFT_VERSION = 5.0;
				TARGETED_DEVICE_FAMILY = "1,2";
			};
			name = Debug;
		};
		F79E311229D7BDE80069FA84 /* Release */ = {
			isa = XCBuildConfiguration;
			buildSettings = {
				ASSETCATALOG_COMPILER_APPICON_NAME = AppIcon;
				ASSETCATALOG_COMPILER_GLOBAL_ACCENT_COLOR_NAME = AccentColor;
				CODE_SIGN_STYLE = Automatic;
				CURRENT_PROJECT_VERSION = 1;
				DEVELOPMENT_TEAM = 39A4HZSU92;
				GENERATE_INFOPLIST_FILE = YES;
				INFOPLIST_FILE = "Netflix Clone/Info.plist";
				INFOPLIST_KEY_UIApplicationSupportsIndirectInputEvents = YES;
				INFOPLIST_KEY_UILaunchStoryboardName = LaunchScreen;
				INFOPLIST_KEY_UISupportedInterfaceOrientations_iPad = "UIInterfaceOrientationPortrait UIInterfaceOrientationPortraitUpsideDown UIInterfaceOrientationLandscapeLeft UIInterfaceOrientationLandscapeRight";
				INFOPLIST_KEY_UISupportedInterfaceOrientations_iPhone = "UIInterfaceOrientationPortrait UIInterfaceOrientationLandscapeLeft UIInterfaceOrientationLandscapeRight";
				LD_RUNPATH_SEARCH_PATHS = (
					"$(inherited)",
					"@executable_path/Frameworks",
				);
				MARKETING_VERSION = 1.0;
				PRODUCT_BUNDLE_IDENTIFIER = "com.tssilva.Netflix-Clone";
				PRODUCT_NAME = "$(TARGET_NAME)";
				SWIFT_EMIT_LOC_STRINGS = YES;
				SWIFT_VERSION = 5.0;
				TARGETED_DEVICE_FAMILY = "1,2";
			};
			name = Release;
		};
		F79E311429D7BDE80069FA84 /* Debug */ = {
			isa = XCBuildConfiguration;
			buildSettings = {
				ALWAYS_EMBED_SWIFT_STANDARD_LIBRARIES = YES;
				BUNDLE_LOADER = "$(TEST_HOST)";
				CODE_SIGN_STYLE = Automatic;
				CURRENT_PROJECT_VERSION = 1;
				DEVELOPMENT_TEAM = 39A4HZSU92;
				GENERATE_INFOPLIST_FILE = YES;
				IPHONEOS_DEPLOYMENT_TARGET = 16.2;
				MARKETING_VERSION = 1.0;
				PRODUCT_BUNDLE_IDENTIFIER = "com.tssilva.Netflix-CloneTests";
				PRODUCT_NAME = "$(TARGET_NAME)";
				SWIFT_EMIT_LOC_STRINGS = NO;
				SWIFT_VERSION = 5.0;
				TARGETED_DEVICE_FAMILY = "1,2";
				TEST_HOST = "$(BUILT_PRODUCTS_DIR)/Netflix Clone.app/$(BUNDLE_EXECUTABLE_FOLDER_PATH)/Netflix Clone";
			};
			name = Debug;
		};
		F79E311529D7BDE80069FA84 /* Release */ = {
			isa = XCBuildConfiguration;
			buildSettings = {
				ALWAYS_EMBED_SWIFT_STANDARD_LIBRARIES = YES;
				BUNDLE_LOADER = "$(TEST_HOST)";
				CODE_SIGN_STYLE = Automatic;
				CURRENT_PROJECT_VERSION = 1;
				DEVELOPMENT_TEAM = 39A4HZSU92;
				GENERATE_INFOPLIST_FILE = YES;
				IPHONEOS_DEPLOYMENT_TARGET = 16.2;
				MARKETING_VERSION = 1.0;
				PRODUCT_BUNDLE_IDENTIFIER = "com.tssilva.Netflix-CloneTests";
				PRODUCT_NAME = "$(TARGET_NAME)";
				SWIFT_EMIT_LOC_STRINGS = NO;
				SWIFT_VERSION = 5.0;
				TARGETED_DEVICE_FAMILY = "1,2";
				TEST_HOST = "$(BUILT_PRODUCTS_DIR)/Netflix Clone.app/$(BUNDLE_EXECUTABLE_FOLDER_PATH)/Netflix Clone";
			};
			name = Release;
		};
		F79E311729D7BDE80069FA84 /* Debug */ = {
			isa = XCBuildConfiguration;
			buildSettings = {
				ALWAYS_EMBED_SWIFT_STANDARD_LIBRARIES = YES;
				CODE_SIGN_STYLE = Automatic;
				CURRENT_PROJECT_VERSION = 1;
				DEVELOPMENT_TEAM = 39A4HZSU92;
				GENERATE_INFOPLIST_FILE = YES;
				MARKETING_VERSION = 1.0;
				PRODUCT_BUNDLE_IDENTIFIER = "com.tssilva.Netflix-CloneUITests";
				PRODUCT_NAME = "$(TARGET_NAME)";
				SWIFT_EMIT_LOC_STRINGS = NO;
				SWIFT_VERSION = 5.0;
				TARGETED_DEVICE_FAMILY = "1,2";
				TEST_TARGET_NAME = "Netflix Clone";
			};
			name = Debug;
		};
		F79E311829D7BDE80069FA84 /* Release */ = {
			isa = XCBuildConfiguration;
			buildSettings = {
				ALWAYS_EMBED_SWIFT_STANDARD_LIBRARIES = YES;
				CODE_SIGN_STYLE = Automatic;
				CURRENT_PROJECT_VERSION = 1;
				DEVELOPMENT_TEAM = 39A4HZSU92;
				GENERATE_INFOPLIST_FILE = YES;
				MARKETING_VERSION = 1.0;
				PRODUCT_BUNDLE_IDENTIFIER = "com.tssilva.Netflix-CloneUITests";
				PRODUCT_NAME = "$(TARGET_NAME)";
				SWIFT_EMIT_LOC_STRINGS = NO;
				SWIFT_VERSION = 5.0;
				TARGETED_DEVICE_FAMILY = "1,2";
				TEST_TARGET_NAME = "Netflix Clone";
			};
			name = Release;
		};
/* End XCBuildConfiguration section */

/* Begin XCConfigurationList section */
		F79E30E129D7BDE60069FA84 /* Build configuration list for PBXProject "Netflix Clone" */ = {
			isa = XCConfigurationList;
			buildConfigurations = (
				F79E310E29D7BDE80069FA84 /* Debug */,
				F79E310F29D7BDE80069FA84 /* Release */,
			);
			defaultConfigurationIsVisible = 0;
			defaultConfigurationName = Release;
		};
		F79E311029D7BDE80069FA84 /* Build configuration list for PBXNativeTarget "Netflix Clone" */ = {
			isa = XCConfigurationList;
			buildConfigurations = (
				F79E311129D7BDE80069FA84 /* Debug */,
				F79E311229D7BDE80069FA84 /* Release */,
			);
			defaultConfigurationIsVisible = 0;
			defaultConfigurationName = Release;
		};
		F79E311329D7BDE80069FA84 /* Build configuration list for PBXNativeTarget "Netflix CloneTests" */ = {
			isa = XCConfigurationList;
			buildConfigurations = (
				F79E311429D7BDE80069FA84 /* Debug */,
				F79E311529D7BDE80069FA84 /* Release */,
			);
			defaultConfigurationIsVisible = 0;
			defaultConfigurationName = Release;
		};
		F79E311629D7BDE80069FA84 /* Build configuration list for PBXNativeTarget "Netflix CloneUITests" */ = {
			isa = XCConfigurationList;
			buildConfigurations = (
				F79E311729D7BDE80069FA84 /* Debug */,
				F79E311829D7BDE80069FA84 /* Release */,
			);
			defaultConfigurationIsVisible = 0;
			defaultConfigurationName = Release;
		};
/* End XCConfigurationList section */
	};
	rootObject = F79E30DE29D7BDE60069FA84 /* Project object */;
}
